// !$*UTF8*$!
{
	archiveVersion = 1;
	classes = {
	};
	objectVersion = 56;
	objects = {

/* Begin PBXBuildFile section */
		3CFBEB632BFD7C0D008542C7 /* AppDelegate.swift in Sources */ = {isa = PBXBuildFile; fileRef = 3CFBEB622BFD7C0D008542C7 /* AppDelegate.swift */; };
		3CFBEB652BFD7C0D008542C7 /* SceneDelegate.swift in Sources */ = {isa = PBXBuildFile; fileRef = 3CFBEB642BFD7C0D008542C7 /* SceneDelegate.swift */; };
		3CFBEB672BFD7C0D008542C7 /* TableViewController.swift in Sources */ = {isa = PBXBuildFile; fileRef = 3CFBEB662BFD7C0D008542C7 /* TableViewController.swift */; };
		3CFBEB6A2BFD7C0D008542C7 /* Base in Resources */ = {isa = PBXBuildFile; fileRef = 3CFBEB692BFD7C0D008542C7 /* Base */; };
		3CFBEB6C2BFD7C0F008542C7 /* Assets.xcassets in Resources */ = {isa = PBXBuildFile; fileRef = 3CFBEB6B2BFD7C0F008542C7 /* Assets.xcassets */; };
		3CFBEB6F2BFD7C0F008542C7 /* Base in Resources */ = {isa = PBXBuildFile; fileRef = 3CFBEB6E2BFD7C0F008542C7 /* Base */; };
		3CFBEB772BFDBAA5008542C7 /* City.swift in Sources */ = {isa = PBXBuildFile; fileRef = 3CFBEB762BFDBAA5008542C7 /* City.swift */; };
		3CFBEB792BFDBAA8008542C7 /* cityData.json in Resources */ = {isa = PBXBuildFile; fileRef = 3CFBEB782BFDBAA8008542C7 /* cityData.json */; };
		3CFBEB7B2BFDBABB008542C7 /* ModelData.swift in Sources */ = {isa = PBXBuildFile; fileRef = 3CFBEB7A2BFDBABB008542C7 /* ModelData.swift */; };
/* End PBXBuildFile section */

/* Begin PBXFileReference section */
		3CFBEB5F2BFD7C0D008542C7 /* TableViewCollectionView.app */ = {isa = PBXFileReference; explicitFileType = wrapper.application; includeInIndex = 0; path = TableViewCollectionView.app; sourceTree = BUILT_PRODUCTS_DIR; };
		3CFBEB622BFD7C0D008542C7 /* AppDelegate.swift */ = {isa = PBXFileReference; lastKnownFileType = sourcecode.swift; path = AppDelegate.swift; sourceTree = "<group>"; };
		3CFBEB642BFD7C0D008542C7 /* SceneDelegate.swift */ = {isa = PBXFileReference; lastKnownFileType = sourcecode.swift; path = SceneDelegate.swift; sourceTree = "<group>"; };
		3CFBEB662BFD7C0D008542C7 /* TableViewController.swift */ = {isa = PBXFileReference; lastKnownFileType = sourcecode.swift; path = TableViewController.swift; sourceTree = "<group>"; };
		3CFBEB692BFD7C0D008542C7 /* Base */ = {isa = PBXFileReference; lastKnownFileType = file.storyboard; name = Base; path = Base.lproj/Main.storyboard; sourceTree = "<group>"; };
		3CFBEB6B2BFD7C0F008542C7 /* Assets.xcassets */ = {isa = PBXFileReference; lastKnownFileType = folder.assetcatalog; path = Assets.xcassets; sourceTree = "<group>"; };
		3CFBEB6E2BFD7C0F008542C7 /* Base */ = {isa = PBXFileReference; lastKnownFileType = file.storyboard; name = Base; path = Base.lproj/LaunchScreen.storyboard; sourceTree = "<group>"; };
		3CFBEB702BFD7C0F008542C7 /* Info.plist */ = {isa = PBXFileReference; lastKnownFileType = text.plist.xml; path = Info.plist; sourceTree = "<group>"; };
		3CFBEB762BFDBAA5008542C7 /* City.swift */ = {isa = PBXFileReference; fileEncoding = 4; lastKnownFileType = sourcecode.swift; path = City.swift; sourceTree = "<group>"; };
		3CFBEB782BFDBAA8008542C7 /* cityData.json */ = {isa = PBXFileReference; fileEncoding = 4; lastKnownFileType = text.json; path = cityData.json; sourceTree = "<group>"; };
		3CFBEB7A2BFDBABB008542C7 /* ModelData.swift */ = {isa = PBXFileReference; fileEncoding = 4; lastKnownFileType = sourcecode.swift; path = ModelData.swift; sourceTree = "<group>"; };
/* End PBXFileReference section */

/* Begin PBXFrameworksBuildPhase section */
		3CFBEB5C2BFD7C0D008542C7 /* Frameworks */ = {
			isa = PBXFrameworksBuildPhase;
			buildActionMask = 2147483647;
			files = (
			);
			runOnlyForDeploymentPostprocessing = 0;
		};
/* End PBXFrameworksBuildPhase section */

/* Begin PBXGroup section */
		3CFBEB562BFD7C0D008542C7 = {
			isa = PBXGroup;
			children = (
				3CFBEB612BFD7C0D008542C7 /* TableViewCollectionView */,
				3CFBEB602BFD7C0D008542C7 /* Products */,
			);
			sourceTree = "<group>";
		};
		3CFBEB602BFD7C0D008542C7 /* Products */ = {
			isa = PBXGroup;
			children = (
				3CFBEB5F2BFD7C0D008542C7 /* TableViewCollectionView.app */,
			);
			name = Products;
			sourceTree = "<group>";
		};
		3CFBEB612BFD7C0D008542C7 /* TableViewCollectionView */ = {
			isa = PBXGroup;
			children = (
				3CFBEB622BFD7C0D008542C7 /* AppDelegate.swift */,
				3CFBEB642BFD7C0D008542C7 /* SceneDelegate.swift */,
				3CFBEB662BFD7C0D008542C7 /* TableViewController.swift */,
				3CFBEB762BFDBAA5008542C7 /* City.swift */,
				3CFBEB682BFD7C0D008542C7 /* Main.storyboard */,
				3CFBEB6B2BFD7C0F008542C7 /* Assets.xcassets */,
				3CFBEB6D2BFD7C0F008542C7 /* LaunchScreen.storyboard */,
				3CFBEB702BFD7C0F008542C7 /* Info.plist */,
				3CFBEB782BFDBAA8008542C7 /* cityData.json */,
				3CFBEB7A2BFDBABB008542C7 /* ModelData.swift */,
			);
			path = TableViewCollectionView;
			sourceTree = "<group>";
		};
/* End PBXGroup section */

/* Begin PBXNativeTarget section */
		3CFBEB5E2BFD7C0D008542C7 /* TableViewCollectionView */ = {
			isa = PBXNativeTarget;
			buildConfigurationList = 3CFBEB732BFD7C0F008542C7 /* Build configuration list for PBXNativeTarget "TableViewCollectionView" */;
			buildPhases = (
				3CFBEB5B2BFD7C0D008542C7 /* Sources */,
				3CFBEB5C2BFD7C0D008542C7 /* Frameworks */,
				3CFBEB5D2BFD7C0D008542C7 /* Resources */,
			);
			buildRules = (
			);
			dependencies = (
			);
			name = TableViewCollectionView;
			productName = TableViewCollectionView;
			productReference = 3CFBEB5F2BFD7C0D008542C7 /* TableViewCollectionView.app */;
			productType = "com.apple.product-type.application";
		};
/* End PBXNativeTarget section */

/* Begin PBXProject section */
		3CFBEB572BFD7C0D008542C7 /* Project object */ = {
			isa = PBXProject;
			attributes = {
				BuildIndependentTargetsInParallel = 1;
				LastSwiftUpdateCheck = 1530;
				LastUpgradeCheck = 1530;
				TargetAttributes = {
					3CFBEB5E2BFD7C0D008542C7 = {
						CreatedOnToolsVersion = 15.3;
					};
				};
			};
			buildConfigurationList = 3CFBEB5A2BFD7C0D008542C7 /* Build configuration list for PBXProject "TableViewCollectionView" */;
			compatibilityVersion = "Xcode 14.0";
			developmentRegion = en;
			hasScannedForEncodings = 0;
			knownRegions = (
				en,
				Base,
			);
			mainGroup = 3CFBEB562BFD7C0D008542C7;
			productRefGroup = 3CFBEB602BFD7C0D008542C7 /* Products */;
			projectDirPath = "";
			projectRoot = "";
			targets = (
				3CFBEB5E2BFD7C0D008542C7 /* TableViewCollectionView */,
			);
		};
/* End PBXProject section */

/* Begin PBXResourcesBuildPhase section */
		3CFBEB5D2BFD7C0D008542C7 /* Resources */ = {
			isa = PBXResourcesBuildPhase;
			buildActionMask = 2147483647;
			files = (
				3CFBEB792BFDBAA8008542C7 /* cityData.json in Resources */,
				3CFBEB6C2BFD7C0F008542C7 /* Assets.xcassets in Resources */,
				3CFBEB6F2BFD7C0F008542C7 /* Base in Resources */,
				3CFBEB6A2BFD7C0D008542C7 /* Base in Resources */,
			);
			runOnlyForDeploymentPostprocessing = 0;
		};
/* End PBXResourcesBuildPhase section */

/* Begin PBXSourcesBuildPhase section */
		3CFBEB5B2BFD7C0D008542C7 /* Sources */ = {
			isa = PBXSourcesBuildPhase;
			buildActionMask = 2147483647;
			files = (
				3CFBEB672BFD7C0D008542C7 /* TableViewController.swift in Sources */,
				3CFBEB632BFD7C0D008542C7 /* AppDelegate.swift in Sources */,
				3CFBEB7B2BFDBABB008542C7 /* ModelData.swift in Sources */,
				3CFBEB772BFDBAA5008542C7 /* City.swift in Sources */,
				3CFBEB652BFD7C0D008542C7 /* SceneDelegate.swift in Sources */,
			);
			runOnlyForDeploymentPostprocessing = 0;
		};
/* End PBXSourcesBuildPhase section */

/* Begin PBXVariantGroup section */
		3CFBEB682BFD7C0D008542C7 /* Main.storyboard */ = {
			isa = PBXVariantGroup;
			children = (
				3CFBEB692BFD7C0D008542C7 /* Base */,
			);
			name = Main.storyboard;
			sourceTree = "<group>";
		};
		3CFBEB6D2BFD7C0F008542C7 /* LaunchScreen.storyboard */ = {
			isa = PBXVariantGroup;
			children = (
				3CFBEB6E2BFD7C0F008542C7 /* Base */,
			);
			name = LaunchScreen.storyboard;
			sourceTree = "<group>";
		};
/* End PBXVariantGroup section */

/* Begin XCBuildConfiguration section */
		3CFBEB712BFD7C0F008542C7 /* Debug */ = {
			isa = XCBuildConfiguration;
			buildSettings = {
				ALWAYS_SEARCH_USER_PATHS = NO;
				ASSETCATALOG_COMPILER_GENERATE_SWIFT_ASSET_SYMBOL_EXTENSIONS = YES;
				CLANG_ANALYZER_NONNULL = YES;
				CLANG_ANALYZER_NUMBER_OBJECT_CONVERSION = YES_AGGRESSIVE;
				CLANG_CXX_LANGUAGE_STANDARD = "gnu++20";
				CLANG_ENABLE_MODULES = YES;
				CLANG_ENABLE_OBJC_ARC = YES;
				CLANG_ENABLE_OBJC_WEAK = YES;
				CLANG_WARN_BLOCK_CAPTURE_AUTORELEASING = YES;
				CLANG_WARN_BOOL_CONVERSION = YES;
				CLANG_WARN_COMMA = YES;
				CLANG_WARN_CONSTANT_CONVERSION = YES;
				CLANG_WARN_DEPRECATED_OBJC_IMPLEMENTATIONS = YES;
				CLANG_WARN_DIRECT_OBJC_ISA_USAGE = YES_ERROR;
				CLANG_WARN_DOCUMENTATION_COMMENTS = YES;
				CLANG_WARN_EMPTY_BODY = YES;
				CLANG_WARN_ENUM_CONVERSION = YES;
				CLANG_WARN_INFINITE_RECURSION = YES;
				CLANG_WARN_INT_CONVERSION = YES;
				CLANG_WARN_NON_LITERAL_NULL_CONVERSION = YES;
				CLANG_WARN_OBJC_IMPLICIT_RETAIN_SELF = YES;
				CLANG_WARN_OBJC_LITERAL_CONVERSION = YES;
				CLANG_WARN_OBJC_ROOT_CLASS = YES_ERROR;
				CLANG_WARN_QUOTED_INCLUDE_IN_FRAMEWORK_HEADER = YES;
				CLANG_WARN_RANGE_LOOP_ANALYSIS = YES;
				CLANG_WARN_STRICT_PROTOTYPES = YES;
				CLANG_WARN_SUSPICIOUS_MOVE = YES;
				CLANG_WARN_UNGUARDED_AVAILABILITY = YES_AGGRESSIVE;
				CLANG_WARN_UNREACHABLE_CODE = YES;
				CLANG_WARN__DUPLICATE_METHOD_MATCH = YES;
				COPY_PHASE_STRIP = NO;
				DEBUG_INFORMATION_FORMAT = dwarf;
				ENABLE_STRICT_OBJC_MSGSEND = YES;
				ENABLE_TESTABILITY = YES;
				ENABLE_USER_SCRIPT_SANDBOXING = YES;
				GCC_C_LANGUAGE_STANDARD = gnu17;
				GCC_DYNAMIC_NO_PIC = NO;
				GCC_NO_COMMON_BLOCKS = YES;
				GCC_OPTIMIZATION_LEVEL = 0;
				GCC_PREPROCESSOR_DEFINITIONS = (
					"DEBUG=1",
					"$(inherited)",
				);
				GCC_WARN_64_TO_32_BIT_CONVERSION = YES;
				GCC_WARN_ABOUT_RETURN_TYPE = YES_ERROR;
				GCC_WARN_UNDECLARED_SELECTOR = YES;
				GCC_WARN_UNINITIALIZED_AUTOS = YES_AGGRESSIVE;
				GCC_WARN_UNUSED_FUNCTION = YES;
				GCC_WARN_UNUSED_VARIABLE = YES;
				IPHONEOS_DEPLOYMENT_TARGET = 17.4;
				LOCALIZATION_PREFERS_STRING_CATALOGS = YES;
				MTL_ENABLE_DEBUG_INFO = INCLUDE_SOURCE;
				MTL_FAST_MATH = YES;
				ONLY_ACTIVE_ARCH = YES;
				SDKROOT = iphoneos;
				SWIFT_ACTIVE_COMPILATION_CONDITIONS = "DEBUG $(inherited)";
				SWIFT_OPTIMIZATION_LEVEL = "-Onone";
			};
			name = Debug;
		};
		3CFBEB722BFD7C0F008542C7 /* Release */ = {
			isa = XCBuildConfiguration;
			buildSettings = {
				ALWAYS_SEARCH_USER_PATHS = NO;
				ASSETCATALOG_COMPILER_GENERATE_SWIFT_ASSET_SYMBOL_EXTENSIONS = YES;
				CLANG_ANALYZER_NONNULL = YES;
				CLANG_ANALYZER_NUMBER_OBJECT_CONVERSION = YES_AGGRESSIVE;
				CLANG_CXX_LANGUAGE_STANDARD = "gnu++20";
				CLANG_ENABLE_MODULES = YES;
				CLANG_ENABLE_OBJC_ARC = YES;
				CLANG_ENABLE_OBJC_WEAK = YES;
				CLANG_WARN_BLOCK_CAPTURE_AUTORELEASING = YES;
				CLANG_WARN_BOOL_CONVERSION = YES;
				CLANG_WARN_COMMA = YES;
				CLANG_WARN_CONSTANT_CONVERSION = YES;
				CLANG_WARN_DEPRECATED_OBJC_IMPLEMENTATIONS = YES;
				CLANG_WARN_DIRECT_OBJC_ISA_USAGE = YES_ERROR;
				CLANG_WARN_DOCUMENTATION_COMMENTS = YES;
				CLANG_WARN_EMPTY_BODY = YES;
				CLANG_WARN_ENUM_CONVERSION = YES;
				CLANG_WARN_INFINITE_RECURSION = YES;
				CLANG_WARN_INT_CONVERSION = YES;
				CLANG_WARN_NON_LITERAL_NULL_CONVERSION = YES;
				CLANG_WARN_OBJC_IMPLICIT_RETAIN_SELF = YES;
				CLANG_WARN_OBJC_LITERAL_CONVERSION = YES;
				CLANG_WARN_OBJC_ROOT_CLASS = YES_ERROR;
				CLANG_WARN_QUOTED_INCLUDE_IN_FRAMEWORK_HEADER = YES;
				CLANG_WARN_RANGE_LOOP_ANALYSIS = YES;
				CLANG_WARN_STRICT_PROTOTYPES = YES;
				CLANG_WARN_SUSPICIOUS_MOVE = YES;
				CLANG_WARN_UNGUARDED_AVAILABILITY = YES_AGGRESSIVE;
				CLANG_WARN_UNREACHABLE_CODE = YES;
				CLANG_WARN__DUPLICATE_METHOD_MATCH = YES;
				COPY_PHASE_STRIP = NO;
				DEBUG_INFORMATION_FORMAT = "dwarf-with-dsym";
				ENABLE_NS_ASSERTIONS = NO;
				ENABLE_STRICT_OBJC_MSGSEND = YES;
				ENABLE_USER_SCRIPT_SANDBOXING = YES;
				GCC_C_LANGUAGE_STANDARD = gnu17;
				GCC_NO_COMMON_BLOCKS = YES;
				GCC_WARN_64_TO_32_BIT_CONVERSION = YES;
				GCC_WARN_ABOUT_RETURN_TYPE = YES_ERROR;
				GCC_WARN_UNDECLARED_SELECTOR = YES;
				GCC_WARN_UNINITIALIZED_AUTOS = YES_AGGRESSIVE;
				GCC_WARN_UNUSED_FUNCTION = YES;
				GCC_WARN_UNUSED_VARIABLE = YES;
				IPHONEOS_DEPLOYMENT_TARGET = 17.4;
				LOCALIZATION_PREFERS_STRING_CATALOGS = YES;
				MTL_ENABLE_DEBUG_INFO = NO;
				MTL_FAST_MATH = YES;
				SDKROOT = iphoneos;
				SWIFT_COMPILATION_MODE = wholemodule;
				VALIDATE_PRODUCT = YES;
			};
			name = Release;
		};
		3CFBEB742BFD7C0F008542C7 /* Debug */ = {
			isa = XCBuildConfiguration;
			buildSettings = {
				ASSETCATALOG_COMPILER_APPICON_NAME = AppIcon;
				ASSETCATALOG_COMPILER_GLOBAL_ACCENT_COLOR_NAME = AccentColor;
				CODE_SIGN_STYLE = Automatic;
				CURRENT_PROJECT_VERSION = 1;
				GENERATE_INFOPLIST_FILE = YES;
				INFOPLIST_FILE = TableViewCollectionView/Info.plist;
				INFOPLIST_KEY_UIApplicationSupportsIndirectInputEvents = YES;
				INFOPLIST_KEY_UILaunchStoryboardName = LaunchScreen;
				INFOPLIST_KEY_UIMainStoryboardFile = Main;
				INFOPLIST_KEY_UISupportedInterfaceOrientations_iPad = "UIInterfaceOrientationPortrait UIInterfaceOrientationPortraitUpsideDown UIInterfaceOrientationLandscapeLeft UIInterfaceOrientationLandscapeRight";
				INFOPLIST_KEY_UISupportedInterfaceOrientations_iPhone = "UIInterfaceOrientationPortrait UIInterfaceOrientationLandscapeLeft UIInterfaceOrientationLandscapeRight";
				LD_RUNPATH_SEARCH_PATHS = (
					"$(inherited)",
					"@executable_path/Frameworks",
				);
				MARKETING_VERSION = 1.0;
				PRODUCT_BUNDLE_IDENTIFIER = com.TableViewCollectionView;
				PRODUCT_NAME = "$(TARGET_NAME)";
				SWIFT_EMIT_LOC_STRINGS = YES;
				SWIFT_VERSION = 5.0;
				TARGETED_DEVICE_FAMILY = "1,2";
			};
			name = Debug;
		};
		3CFBEB752BFD7C0F008542C7 /* Release */ = {
			isa = XCBuildConfiguration;
			buildSettings = {
				ASSETCATALOG_COMPILER_APPICON_NAME = AppIcon;
				ASSETCATALOG_COMPILER_GLOBAL_ACCENT_COLOR_NAME = AccentColor;
				CODE_SIGN_STYLE = Automatic;
				CURRENT_PROJECT_VERSION = 1;
				GENERATE_INFOPLIST_FILE = YES;
				INFOPLIST_FILE = TableViewCollectionView/Info.plist;
				INFOPLIST_KEY_UIApplicationSupportsIndirectInputEvents = YES;
				INFOPLIST_KEY_UILaunchStoryboardName = LaunchScreen;
				INFOPLIST_KEY_UIMainStoryboardFile = Main;
				INFOPLIST_KEY_UISupportedInterfaceOrientations_iPad = "UIInterfaceOrientationPortrait UIInterfaceOrientationPortraitUpsideDown UIInterfaceOrientationLandscapeLeft UIInterfaceOrientationLandscapeRight";
				INFOPLIST_KEY_UISupportedInterfaceOrientations_iPhone = "UIInterfaceOrientationPortrait UIInterfaceOrientationLandscapeLeft UIInterfaceOrientationLandscapeRight";
				LD_RUNPATH_SEARCH_PATHS = (
					"$(inherited)",
					"@executable_path/Frameworks",
				);
				MARKETING_VERSION = 1.0;
				PRODUCT_BUNDLE_IDENTIFIER = com.TableViewCollectionView;
				PRODUCT_NAME = "$(TARGET_NAME)";
				SWIFT_EMIT_LOC_STRINGS = YES;
				SWIFT_VERSION = 5.0;
				TARGETED_DEVICE_FAMILY = "1,2";
			};
			name = Release;
		};
/* End XCBuildConfiguration section */

/* Begin XCConfigurationList section */
		3CFBEB5A2BFD7C0D008542C7 /* Build configuration list for PBXProject "TableViewCollectionView" */ = {
			isa = XCConfigurationList;
			buildConfigurations = (
				3CFBEB712BFD7C0F008542C7 /* Debug */,
				3CFBEB722BFD7C0F008542C7 /* Release */,
			);
			defaultConfigurationIsVisible = 0;
			defaultConfigurationName = Release;
		};
		3CFBEB732BFD7C0F008542C7 /* Build configuration list for PBXNativeTarget "TableViewCollectionView" */ = {
			isa = XCConfigurationList;
			buildConfigurations = (
				3CFBEB742BFD7C0F008542C7 /* Debug */,
				3CFBEB752BFD7C0F008542C7 /* Release */,
			);
			defaultConfigurationIsVisible = 0;
			defaultConfigurationName = Release;
		};
/* End XCConfigurationList section */
	};
	rootObject = 3CFBEB572BFD7C0D008542C7 /* Project object */;
}
